
Microsoft Visual Studio Solution File, Format Version 12.00
# Visual Studio Version 16
VisualStudioVersion = 16.0.29519.87
MinimumVisualStudioVersion = 10.0.40219.1
Project("{FAE04EC0-301F-11D3-BF4B-00C04F79EFBC}") = "Sebalance", "Sebalance\Sebalance.csproj", "{72C7DB72-5B4D-427F-A3C4-317DA9A70723}"
EndProject
Project("{FAE04EC0-301F-11D3-BF4B-00C04F79EFBC}") = "FurnitureShop", "FurnitureShop\FurnitureShop.csproj", "{8449B613-0D1D-419C-80A2-73A67189AF2A}"
	ProjectSection(ProjectDependencies) = postProject
		{72C7DB72-5B4D-427F-A3C4-317DA9A70723} = {72C7DB72-5B4D-427F-A3C4-317DA9A70723}
	EndProjectSection
EndProject
Global
	GlobalSection(SolutionConfigurationPlatforms) = preSolution
		Debug|Any CPU = Debug|Any CPU
		Release|Any CPU = Release|Any CPU
	EndGlobalSection
	GlobalSection(ProjectConfigurationPlatforms) = postSolution
		{72C7DB72-5B4D-427F-A3C4-317DA9A70723}.Debug|Any CPU.ActiveCfg = Debug|Any CPU
		{72C7DB72-5B4D-427F-A3C4-317DA9A70723}.Debug|Any CPU.Build.0 = Debug|Any CPU
		{72C7DB72-5B4D-427F-A3C4-317DA9A70723}.Release|Any CPU.ActiveCfg = Release|Any CPU
		{72C7DB72-5B4D-427F-A3C4-317DA9A70723}.Release|Any CPU.Build.0 = Release|Any CPU
		{8449B613-0D1D-419C-80A2-73A67189AF2A}.Debug|Any CPU.ActiveCfg = Debug|Any CPU
		{8449B613-0D1D-419C-80A2-73A67189AF2A}.Debug|Any CPU.Build.0 = Debug|Any CPU
		{8449B613-0D1D-419C-80A2-73A67189AF2A}.Release|Any CPU.ActiveCfg = Release|Any CPU
		{8449B613-0D1D-419C-80A2-73A67189AF2A}.Release|Any CPU.Build.0 = Release|Any CPU
	EndGlobalSection
	GlobalSection(SolutionProperties) = preSolution
		HideSolutionNode = FALSE
	EndGlobalSection
	GlobalSection(ExtensibilityGlobals) = postSolution
		SolutionGuid = {DD0F9180-453D-4D97-ACD0-71DAC94C2A85}
	EndGlobalSection
EndGlobal
